
Microsoft Visual Studio Solution File, Format Version 12.00
# Visual Studio Version 17
VisualStudioVersion = 17.0.31919.166
MinimumVisualStudioVersion = 10.0.40219.1
Project("{FAE04EC0-301F-11D3-BF4B-00C04F79EFBC}") = "PersonalityTest", "PersonalityTest\PersonalityTest.csproj", "{1CE4B28C-523B-43C3-95B4-BB345FAACD0A}"
EndProject
Project("{FAE04EC0-301F-11D3-BF4B-00C04F79EFBC}") = "PersonalityTestSwitch", "PersonalityTestSwitch\PersonalityTestSwitch.csproj", "{E90FC519-5CBF-40D9-89C4-46D2FDDB946E}"
EndProject
Project("{FAE04EC0-301F-11D3-BF4B-00C04F79EFBC}") = "GradingIF", "GradingIF\GradingIF.csproj", "{672C2AAB-6346-4D06-8845-CB76FE56BEC3}"
EndProject
Project("{FAE04EC0-301F-11D3-BF4B-00C04F79EFBC}") = "GradingSwitch", "GradingSwitch\GradingSwitch.csproj", "{A5802B3B-01C2-4FF9-A6DB-ABD08B5CC0EF}"
EndProject
Project("{FAE04EC0-301F-11D3-BF4B-00C04F79EFBC}") = "CatsAndDogs", "CatsAndDogs\CatsAndDogs.csproj", "{8CBA874B-E4D2-422B-92C0-DDB43723B70A}"
EndProject
Global
	GlobalSection(SolutionConfigurationPlatforms) = preSolution
		Debug|Any CPU = Debug|Any CPU
		Release|Any CPU = Release|Any CPU
	EndGlobalSection
	GlobalSection(ProjectConfigurationPlatforms) = postSolution
		{1CE4B28C-523B-43C3-95B4-BB345FAACD0A}.Debug|Any CPU.ActiveCfg = Debug|Any CPU
		{1CE4B28C-523B-43C3-95B4-BB345FAACD0A}.Debug|Any CPU.Build.0 = Debug|Any CPU
		{1CE4B28C-523B-43C3-95B4-BB345FAACD0A}.Release|Any CPU.ActiveCfg = Release|Any CPU
		{1CE4B28C-523B-43C3-95B4-BB345FAACD0A}.Release|Any CPU.Build.0 = Release|Any CPU
		{E90FC519-5CBF-40D9-89C4-46D2FDDB946E}.Debug|Any CPU.ActiveCfg = Debug|Any CPU
		{E90FC519-5CBF-40D9-89C4-46D2FDDB946E}.Debug|Any CPU.Build.0 = Debug|Any CPU
		{E90FC519-5CBF-40D9-89C4-46D2FDDB946E}.Release|Any CPU.ActiveCfg = Release|Any CPU
		{E90FC519-5CBF-40D9-89C4-46D2FDDB946E}.Release|Any CPU.Build.0 = Release|Any CPU
		{672C2AAB-6346-4D06-8845-CB76FE56BEC3}.Debug|Any CPU.ActiveCfg = Debug|Any CPU
		{672C2AAB-6346-4D06-8845-CB76FE56BEC3}.Debug|Any CPU.Build.0 = Debug|Any CPU
		{672C2AAB-6346-4D06-8845-CB76FE56BEC3}.Release|Any CPU.ActiveCfg = Release|Any CPU
		{672C2AAB-6346-4D06-8845-CB76FE56BEC3}.Release|Any CPU.Build.0 = Release|Any CPU
		{A5802B3B-01C2-4FF9-A6DB-ABD08B5CC0EF}.Debug|Any CPU.ActiveCfg = Debug|Any CPU
		{A5802B3B-01C2-4FF9-A6DB-ABD08B5CC0EF}.Debug|Any CPU.Build.0 = Debug|Any CPU
		{A5802B3B-01C2-4FF9-A6DB-ABD08B5CC0EF}.Release|Any CPU.ActiveCfg = Release|Any CPU
		{A5802B3B-01C2-4FF9-A6DB-ABD08B5CC0EF}.Release|Any CPU.Build.0 = Release|Any CPU
		{8CBA874B-E4D2-422B-92C0-DDB43723B70A}.Debug|Any CPU.ActiveCfg = Debug|Any CPU
		{8CBA874B-E4D2-422B-92C0-DDB43723B70A}.Debug|Any CPU.Build.0 = Debug|Any CPU
		{8CBA874B-E4D2-422B-92C0-DDB43723B70A}.Release|Any CPU.ActiveCfg = Release|Any CPU
		{8CBA874B-E4D2-422B-92C0-DDB43723B70A}.Release|Any CPU.Build.0 = Release|Any CPU
	EndGlobalSection
	GlobalSection(SolutionProperties) = preSolution
		HideSolutionNode = FALSE
	EndGlobalSection
	GlobalSection(ExtensibilityGlobals) = postSolution
		SolutionGuid = {7CA877A1-3EAB-44E6-B4E7-7F9A06C07597}
	EndGlobalSection
EndGlobal
